
Microsoft Visual Studio Solution File, Format Version 12.00
# Visual Studio Version 17
VisualStudioVersion = 17.14.37027.9 d17.14
MinimumVisualStudioVersion = 10.0.40219.1
Project("{FAE04EC0-301F-11D3-BF4B-00C04F79EFBC}") = "QuoteWallpaper.Api", "QuoteWallpaper.Api.csproj", "{ADF41A90-15A8-4C10-821B-84A9F114C245}"
EndProject
Global
	GlobalSection(SolutionConfigurationPlatforms) = preSolution
		Debug|Any CPU = Debug|Any CPU
		Release|Any CPU = Release|Any CPU
	EndGlobalSection
	GlobalSection(ProjectConfigurationPlatforms) = postSolution
		{ADF41A90-15A8-4C10-821B-84A9F114C245}.Debug|Any CPU.ActiveCfg = Debug|Any CPU
		{ADF41A90-15A8-4C10-821B-84A9F114C245}.Debug|Any CPU.Build.0 = Debug|Any CPU
		{ADF41A90-15A8-4C10-821B-84A9F114C245}.Release|Any CPU.ActiveCfg = Release|Any CPU
		{ADF41A90-15A8-4C10-821B-84A9F114C245}.Release|Any CPU.Build.0 = Release|Any CPU
	EndGlobalSection
	GlobalSection(SolutionProperties) = preSolution
		HideSolutionNode = FALSE
	EndGlobalSection
	GlobalSection(ExtensibilityGlobals) = postSolution
		SolutionGuid = {18E7FF2A-F527-440C-8900-44C6E2621F61}
	EndGlobalSection
EndGlobal
